
Microsoft Visual Studio Solution File, Format Version 12.00
# Visual Studio Version 16
VisualStudioVersion = 16.0.30011.22
MinimumVisualStudioVersion = 10.0.40219.1
Project("{FAE04EC0-301F-11D3-BF4B-00C04F79EFBC}") = "10998 - AXB", "10998 - AXB\10998 - AXB.csproj", "{502A320A-B7D0-4C9F-874D-4EB225635E71}"
EndProject
Global
	GlobalSection(SolutionConfigurationPlatforms) = preSolution
		Debug|Any CPU = Debug|Any CPU
		Release|Any CPU = Release|Any CPU
	EndGlobalSection
	GlobalSection(ProjectConfigurationPlatforms) = postSolution
		{502A320A-B7D0-4C9F-874D-4EB225635E71}.Debug|Any CPU.ActiveCfg = Debug|Any CPU
		{502A320A-B7D0-4C9F-874D-4EB225635E71}.Debug|Any CPU.Build.0 = Debug|Any CPU
		{502A320A-B7D0-4C9F-874D-4EB225635E71}.Release|Any CPU.ActiveCfg = Release|Any CPU
		{502A320A-B7D0-4C9F-874D-4EB225635E71}.Release|Any CPU.Build.0 = Release|Any CPU
	EndGlobalSection
	GlobalSection(SolutionProperties) = preSolution
		HideSolutionNode = FALSE
	EndGlobalSection
	GlobalSection(ExtensibilityGlobals) = postSolution
		SolutionGuid = {CE51BCE9-0E98-41E8-A989-0897A080AE3A}
	EndGlobalSection
EndGlobal
