
Microsoft Visual Studio Solution File, Format Version 12.00
# Visual Studio Version 16
VisualStudioVersion = 16.0.30621.155
MinimumVisualStudioVersion = 10.0.40219.1
Project("{FAE04EC0-301F-11D3-BF4B-00C04F79EFBC}") = "10952 - A+B -5", "10952 - A+B -5\10952 - A+B -5.csproj", "{2AEF65E5-E7BE-4D9A-9B69-FFCB0ABCB2FE}"
EndProject
Global
	GlobalSection(SolutionConfigurationPlatforms) = preSolution
		Debug|Any CPU = Debug|Any CPU
		Release|Any CPU = Release|Any CPU
	EndGlobalSection
	GlobalSection(ProjectConfigurationPlatforms) = postSolution
		{2AEF65E5-E7BE-4D9A-9B69-FFCB0ABCB2FE}.Debug|Any CPU.ActiveCfg = Debug|Any CPU
		{2AEF65E5-E7BE-4D9A-9B69-FFCB0ABCB2FE}.Debug|Any CPU.Build.0 = Debug|Any CPU
		{2AEF65E5-E7BE-4D9A-9B69-FFCB0ABCB2FE}.Release|Any CPU.ActiveCfg = Release|Any CPU
		{2AEF65E5-E7BE-4D9A-9B69-FFCB0ABCB2FE}.Release|Any CPU.Build.0 = Release|Any CPU
	EndGlobalSection
	GlobalSection(SolutionProperties) = preSolution
		HideSolutionNode = FALSE
	EndGlobalSection
	GlobalSection(ExtensibilityGlobals) = postSolution
		SolutionGuid = {D9E6BEB3-5EC1-4DB4-82F0-B0353E824B2C}
	EndGlobalSection
EndGlobal
