
Microsoft Visual Studio Solution File, Format Version 12.00
# Visual Studio Version 16
VisualStudioVersion = 16.0.30621.155
MinimumVisualStudioVersion = 10.0.40219.1
Project("{FAE04EC0-301F-11D3-BF4B-00C04F79EFBC}") = "2741 - N찍기", "2741 - N찍기\2741 - N찍기.csproj", "{7B897F27-CAF8-4F9A-A00D-1CD88386D1AF}"
EndProject
Global
	GlobalSection(SolutionConfigurationPlatforms) = preSolution
		Debug|Any CPU = Debug|Any CPU
		Release|Any CPU = Release|Any CPU
	EndGlobalSection
	GlobalSection(ProjectConfigurationPlatforms) = postSolution
		{7B897F27-CAF8-4F9A-A00D-1CD88386D1AF}.Debug|Any CPU.ActiveCfg = Debug|Any CPU
		{7B897F27-CAF8-4F9A-A00D-1CD88386D1AF}.Debug|Any CPU.Build.0 = Debug|Any CPU
		{7B897F27-CAF8-4F9A-A00D-1CD88386D1AF}.Release|Any CPU.ActiveCfg = Release|Any CPU
		{7B897F27-CAF8-4F9A-A00D-1CD88386D1AF}.Release|Any CPU.Build.0 = Release|Any CPU
	EndGlobalSection
	GlobalSection(SolutionProperties) = preSolution
		HideSolutionNode = FALSE
	EndGlobalSection
	GlobalSection(ExtensibilityGlobals) = postSolution
		SolutionGuid = {CA85D062-A93C-4CE1-8A7F-A61D01483893}
	EndGlobalSection
EndGlobal
