
Microsoft Visual Studio Solution File, Format Version 12.00
# Visual Studio Version 16
VisualStudioVersion = 16.0.30621.155
MinimumVisualStudioVersion = 10.0.40219.1
Project("{FAE04EC0-301F-11D3-BF4B-00C04F79EFBC}") = "10871 - X보다 작은 수", "10871 - X보다 작은 수\10871 - X보다 작은 수.csproj", "{605AE83C-C46F-42B0-8A32-3D61CDC4182B}"
EndProject
Global
	GlobalSection(SolutionConfigurationPlatforms) = preSolution
		Debug|Any CPU = Debug|Any CPU
		Release|Any CPU = Release|Any CPU
	EndGlobalSection
	GlobalSection(ProjectConfigurationPlatforms) = postSolution
		{605AE83C-C46F-42B0-8A32-3D61CDC4182B}.Debug|Any CPU.ActiveCfg = Debug|Any CPU
		{605AE83C-C46F-42B0-8A32-3D61CDC4182B}.Debug|Any CPU.Build.0 = Debug|Any CPU
		{605AE83C-C46F-42B0-8A32-3D61CDC4182B}.Release|Any CPU.ActiveCfg = Release|Any CPU
		{605AE83C-C46F-42B0-8A32-3D61CDC4182B}.Release|Any CPU.Build.0 = Release|Any CPU
	EndGlobalSection
	GlobalSection(SolutionProperties) = preSolution
		HideSolutionNode = FALSE
	EndGlobalSection
	GlobalSection(ExtensibilityGlobals) = postSolution
		SolutionGuid = {66304F57-3E50-4704-8383-0093262A5C8C}
	EndGlobalSection
EndGlobal
