
Microsoft Visual Studio Solution File, Format Version 12.00
# Visual Studio Version 16
VisualStudioVersion = 16.0.30621.155
MinimumVisualStudioVersion = 10.0.40219.1
Project("{FAE04EC0-301F-11D3-BF4B-00C04F79EFBC}") = "2439 - 별찍기 -2", "2439 - 별찍기 -2\2439 - 별찍기 -2.csproj", "{16CD2387-5E29-4DDF-A4FE-B4E607DFF978}"
EndProject
Global
	GlobalSection(SolutionConfigurationPlatforms) = preSolution
		Debug|Any CPU = Debug|Any CPU
		Release|Any CPU = Release|Any CPU
	EndGlobalSection
	GlobalSection(ProjectConfigurationPlatforms) = postSolution
		{16CD2387-5E29-4DDF-A4FE-B4E607DFF978}.Debug|Any CPU.ActiveCfg = Debug|Any CPU
		{16CD2387-5E29-4DDF-A4FE-B4E607DFF978}.Debug|Any CPU.Build.0 = Debug|Any CPU
		{16CD2387-5E29-4DDF-A4FE-B4E607DFF978}.Release|Any CPU.ActiveCfg = Release|Any CPU
		{16CD2387-5E29-4DDF-A4FE-B4E607DFF978}.Release|Any CPU.Build.0 = Release|Any CPU
	EndGlobalSection
	GlobalSection(SolutionProperties) = preSolution
		HideSolutionNode = FALSE
	EndGlobalSection
	GlobalSection(ExtensibilityGlobals) = postSolution
		SolutionGuid = {5520B852-EFDA-400A-B7D5-A40C4E7B5602}
	EndGlobalSection
EndGlobal
