
Microsoft Visual Studio Solution File, Format Version 12.00
# Visual Studio Version 16
VisualStudioVersion = 16.0.30011.22
MinimumVisualStudioVersion = 10.0.40219.1
Project("{FAE04EC0-301F-11D3-BF4B-00C04F79EFBC}") = "3052 - 나머지", "3052 - 나머지\3052 - 나머지.csproj", "{338C0082-9AA5-4005-AE20-A755F0321F8E}"
EndProject
Global
	GlobalSection(SolutionConfigurationPlatforms) = preSolution
		Debug|Any CPU = Debug|Any CPU
		Release|Any CPU = Release|Any CPU
	EndGlobalSection
	GlobalSection(ProjectConfigurationPlatforms) = postSolution
		{338C0082-9AA5-4005-AE20-A755F0321F8E}.Debug|Any CPU.ActiveCfg = Debug|Any CPU
		{338C0082-9AA5-4005-AE20-A755F0321F8E}.Debug|Any CPU.Build.0 = Debug|Any CPU
		{338C0082-9AA5-4005-AE20-A755F0321F8E}.Release|Any CPU.ActiveCfg = Release|Any CPU
		{338C0082-9AA5-4005-AE20-A755F0321F8E}.Release|Any CPU.Build.0 = Release|Any CPU
	EndGlobalSection
	GlobalSection(SolutionProperties) = preSolution
		HideSolutionNode = FALSE
	EndGlobalSection
	GlobalSection(ExtensibilityGlobals) = postSolution
		SolutionGuid = {074D2C65-23C7-4630-8DD1-FB0B42D8C420}
	EndGlobalSection
EndGlobal
