
Microsoft Visual Studio Solution File, Format Version 12.00
# Visual Studio Version 16
VisualStudioVersion = 16.0.30011.22
MinimumVisualStudioVersion = 10.0.40219.1
Project("{FAE04EC0-301F-11D3-BF4B-00C04F79EFBC}") = "1330 - 두 수 비교하기 (compare two number)", "1330 - 두 수 비교하기 (compare two number)\1330 - 두 수 비교하기 (compare two number).csproj", "{ACE619B6-F789-49E3-B5C5-5D01DA9F9B9B}"
EndProject
Global
	GlobalSection(SolutionConfigurationPlatforms) = preSolution
		Debug|Any CPU = Debug|Any CPU
		Release|Any CPU = Release|Any CPU
	EndGlobalSection
	GlobalSection(ProjectConfigurationPlatforms) = postSolution
		{ACE619B6-F789-49E3-B5C5-5D01DA9F9B9B}.Debug|Any CPU.ActiveCfg = Debug|Any CPU
		{ACE619B6-F789-49E3-B5C5-5D01DA9F9B9B}.Debug|Any CPU.Build.0 = Debug|Any CPU
		{ACE619B6-F789-49E3-B5C5-5D01DA9F9B9B}.Release|Any CPU.ActiveCfg = Release|Any CPU
		{ACE619B6-F789-49E3-B5C5-5D01DA9F9B9B}.Release|Any CPU.Build.0 = Release|Any CPU
	EndGlobalSection
	GlobalSection(SolutionProperties) = preSolution
		HideSolutionNode = FALSE
	EndGlobalSection
	GlobalSection(ExtensibilityGlobals) = postSolution
		SolutionGuid = {2BB4D093-3860-4DA2-A5F1-9E46C3663339}
	EndGlobalSection
EndGlobal
