
Microsoft Visual Studio Solution File, Format Version 12.00
# Visual Studio Version 16
VisualStudioVersion = 16.0.30011.22
MinimumVisualStudioVersion = 10.0.40219.1
Project("{FAE04EC0-301F-11D3-BF4B-00C04F79EFBC}") = "15552 - 빠른 A+B (Quick calculation A+B)", "15552 - 빠른 A+B (Quick calculation A+B)\15552 - 빠른 A+B (Quick calculation A+B).csproj", "{B72CBC15-4A51-48C5-B05A-4195C4AF77D9}"
EndProject
Global
	GlobalSection(SolutionConfigurationPlatforms) = preSolution
		Debug|Any CPU = Debug|Any CPU
		Release|Any CPU = Release|Any CPU
	EndGlobalSection
	GlobalSection(ProjectConfigurationPlatforms) = postSolution
		{B72CBC15-4A51-48C5-B05A-4195C4AF77D9}.Debug|Any CPU.ActiveCfg = Debug|Any CPU
		{B72CBC15-4A51-48C5-B05A-4195C4AF77D9}.Debug|Any CPU.Build.0 = Debug|Any CPU
		{B72CBC15-4A51-48C5-B05A-4195C4AF77D9}.Release|Any CPU.ActiveCfg = Release|Any CPU
		{B72CBC15-4A51-48C5-B05A-4195C4AF77D9}.Release|Any CPU.Build.0 = Release|Any CPU
	EndGlobalSection
	GlobalSection(SolutionProperties) = preSolution
		HideSolutionNode = FALSE
	EndGlobalSection
	GlobalSection(ExtensibilityGlobals) = postSolution
		SolutionGuid = {509499A1-91E3-445C-BCFA-A541F4F219E5}
	EndGlobalSection
EndGlobal
